
Microsoft Visual Studio Solution File, Format Version 12.00
# Visual Studio 15
VisualStudioVersion = 15.0.27130.2026
MinimumVisualStudioVersion = 10.0.40219.1
Project("{FAE04EC0-301F-11D3-BF4B-00C04F79EFBC}") = "DWD278_Lab01", "DWD278_Lab01\DWD278_Lab01.csproj", "{43001C9F-78B7-4C1C-A619-3ADE7F3F50A1}"
EndProject
Global
	GlobalSection(SolutionConfigurationPlatforms) = preSolution
		Debug|Any CPU = Debug|Any CPU
		Release|Any CPU = Release|Any CPU
	EndGlobalSection
	GlobalSection(ProjectConfigurationPlatforms) = postSolution
		{43001C9F-78B7-4C1C-A619-3ADE7F3F50A1}.Debug|Any CPU.ActiveCfg = Debug|Any CPU
		{43001C9F-78B7-4C1C-A619-3ADE7F3F50A1}.Debug|Any CPU.Build.0 = Debug|Any CPU
		{43001C9F-78B7-4C1C-A619-3ADE7F3F50A1}.Release|Any CPU.ActiveCfg = Release|Any CPU
		{43001C9F-78B7-4C1C-A619-3ADE7F3F50A1}.Release|Any CPU.Build.0 = Release|Any CPU
	EndGlobalSection
	GlobalSection(SolutionProperties) = preSolution
		HideSolutionNode = FALSE
	EndGlobalSection
	GlobalSection(ExtensibilityGlobals) = postSolution
		SolutionGuid = {6AF955BF-4BFF-4719-847E-F92A3060F1B4}
	EndGlobalSection
EndGlobal
